
Microsoft Visual Studio Solution File, Format Version 12.00
# Visual Studio Version 16
VisualStudioVersion = 16.0.35130.168
MinimumVisualStudioVersion = 10.0.40219.1
Project("{FAE04EC0-301F-11D3-BF4B-00C04F79EFBC}") = "ConsoleApp3", "ConsoleApp3\ConsoleApp3.csproj", "{82E25DE4-C1E8-4CA4-ABE5-C9E8DA7045C3}"
EndProject
Global
	GlobalSection(SolutionConfigurationPlatforms) = preSolution
		Debug|Any CPU = Debug|Any CPU
		Release|Any CPU = Release|Any CPU
	EndGlobalSection
	GlobalSection(ProjectConfigurationPlatforms) = postSolution
		{82E25DE4-C1E8-4CA4-ABE5-C9E8DA7045C3}.Debug|Any CPU.ActiveCfg = Debug|Any CPU
		{82E25DE4-C1E8-4CA4-ABE5-C9E8DA7045C3}.Debug|Any CPU.Build.0 = Debug|Any CPU
		{82E25DE4-C1E8-4CA4-ABE5-C9E8DA7045C3}.Release|Any CPU.ActiveCfg = Release|Any CPU
		{82E25DE4-C1E8-4CA4-ABE5-C9E8DA7045C3}.Release|Any CPU.Build.0 = Release|Any CPU
	EndGlobalSection
	GlobalSection(SolutionProperties) = preSolution
		HideSolutionNode = FALSE
	EndGlobalSection
	GlobalSection(ExtensibilityGlobals) = postSolution
		SolutionGuid = {ADA37CB3-FA43-4C70-A7A1-5239BBACD29D}
	EndGlobalSection
EndGlobal
